
Microsoft Visual Studio Solution File, Format Version 12.00
# Visual Studio Version 16
VisualStudioVersion = 25.0.1704.2
MinimumVisualStudioVersion = 10.0.40219.1
Project("{FAE04EC0-301F-11D3-BF4B-00C04F79EFBC}") = "AlgorithmsTestProject", "AlgorithmsTestProject.csproj", "{39E71BEA-35B5-435F-8A24-09700E519C6F}"
EndProject
Global
	GlobalSection(SolutionConfigurationPlatforms) = preSolution
		Debug|Any CPU = Debug|Any CPU
		Release|Any CPU = Release|Any CPU
	EndGlobalSection
	GlobalSection(ProjectConfigurationPlatforms) = postSolution
		{39E71BEA-35B5-435F-8A24-09700E519C6F}.Debug|Any CPU.ActiveCfg = Debug|Any CPU
		{39E71BEA-35B5-435F-8A24-09700E519C6F}.Debug|Any CPU.Build.0 = Debug|Any CPU
		{39E71BEA-35B5-435F-8A24-09700E519C6F}.Release|Any CPU.ActiveCfg = Release|Any CPU
		{39E71BEA-35B5-435F-8A24-09700E519C6F}.Release|Any CPU.Build.0 = Release|Any CPU
	EndGlobalSection
	GlobalSection(SolutionProperties) = preSolution
		HideSolutionNode = FALSE
	EndGlobalSection
	GlobalSection(ExtensibilityGlobals) = postSolution
		SolutionGuid = {E1D474F9-7ED3-4036-8823-E9F7C099568A}
	EndGlobalSection
EndGlobal
